
Microsoft Visual Studio Solution File, Format Version 12.00
# Visual Studio 15
VisualStudioVersion = 15.0.28010.2036
MinimumVisualStudioVersion = 10.0.40219.1
Project("{FAE04EC0-301F-11D3-BF4B-00C04F79EFBC}") = "CRM", "login-form\CRM.csproj", "{2C8F31D5-0DE5-42EB-AB10-564D2533C08F}"
EndProject
Global
	GlobalSection(SolutionConfigurationPlatforms) = preSolution
		Debug|Any CPU = Debug|Any CPU
		Release|Any CPU = Release|Any CPU
	EndGlobalSection
	GlobalSection(ProjectConfigurationPlatforms) = postSolution
		{2C8F31D5-0DE5-42EB-AB10-564D2533C08F}.Debug|Any CPU.ActiveCfg = Debug|Any CPU
		{2C8F31D5-0DE5-42EB-AB10-564D2533C08F}.Debug|Any CPU.Build.0 = Debug|Any CPU
		{2C8F31D5-0DE5-42EB-AB10-564D2533C08F}.Release|Any CPU.ActiveCfg = Release|Any CPU
		{2C8F31D5-0DE5-42EB-AB10-564D2533C08F}.Release|Any CPU.Build.0 = Release|Any CPU
	EndGlobalSection
	GlobalSection(SolutionProperties) = preSolution
		HideSolutionNode = FALSE
	EndGlobalSection
	GlobalSection(ExtensibilityGlobals) = postSolution
		SolutionGuid = {CFDA5623-73B2-4706-987D-4AFFFB7F25D1}
	EndGlobalSection
EndGlobal
